
Microsoft Visual Studio Solution File, Format Version 12.00
# Visual Studio Version 17
VisualStudioVersion = 17.7.34031.279
MinimumVisualStudioVersion = 10.0.40219.1
Project("{FAE04EC0-301F-11D3-BF4B-00C04F79EFBC}") = "TaxCalculator", "TaxCalculator\TaxCalculator.csproj", "{755A0E39-6BDF-4904-B12E-2F28B715FC1D}"
EndProject
Global
	GlobalSection(SolutionConfigurationPlatforms) = preSolution
		Debug|Any CPU = Debug|Any CPU
		Release|Any CPU = Release|Any CPU
	EndGlobalSection
	GlobalSection(ProjectConfigurationPlatforms) = postSolution
		{755A0E39-6BDF-4904-B12E-2F28B715FC1D}.Debug|Any CPU.ActiveCfg = Debug|Any CPU
		{755A0E39-6BDF-4904-B12E-2F28B715FC1D}.Debug|Any CPU.Build.0 = Debug|Any CPU
		{755A0E39-6BDF-4904-B12E-2F28B715FC1D}.Release|Any CPU.ActiveCfg = Release|Any CPU
		{755A0E39-6BDF-4904-B12E-2F28B715FC1D}.Release|Any CPU.Build.0 = Release|Any CPU
	EndGlobalSection
	GlobalSection(SolutionProperties) = preSolution
		HideSolutionNode = FALSE
	EndGlobalSection
	GlobalSection(ExtensibilityGlobals) = postSolution
		SolutionGuid = {9D238A78-1102-463D-A964-B2935E572F08}
	EndGlobalSection
EndGlobal
